// !$*UTF8*$!
{
	archiveVersion = 1;
	classes = {
	};
	objectVersion = 56;
	objects = {

/* Begin PBXBuildFile section */
		485587C529A5558F0048D1BA /* CardsApp.swift in Sources */ = {isa = PBXBuildFile; fileRef = 485587C429A5558F0048D1BA /* CardsApp.swift */; };
		485587C729A5558F0048D1BA /* ContentView.swift in Sources */ = {isa = PBXBuildFile; fileRef = 485587C629A5558F0048D1BA /* ContentView.swift */; };
		485587C929A555990048D1BA /* Assets.xcassets in Resources */ = {isa = PBXBuildFile; fileRef = 485587C829A555990048D1BA /* Assets.xcassets */; };
		485587CC29A555990048D1BA /* Preview Assets.xcassets in Resources */ = {isa = PBXBuildFile; fileRef = 485587CB29A555990048D1BA /* Preview Assets.xcassets */; };
		485587DD29A57D4B0048D1BA /* CardsListView.swift in Sources */ = {isa = PBXBuildFile; fileRef = 485587DC29A57D4B0048D1BA /* CardsListView.swift */; };
		485587DF29A57D6B0048D1BA /* CardThumbnailView.swift in Sources */ = {isa = PBXBuildFile; fileRef = 485587DE29A57D6B0048D1BA /* CardThumbnailView.swift */; };
		485587E129A57D910048D1BA /* CardsView.swift in Sources */ = {isa = PBXBuildFile; fileRef = 485587E029A57D910048D1BA /* CardsView.swift */; };
		485587E329A57DB30048D1BA /* CardBottomToolbar.swift in Sources */ = {isa = PBXBuildFile; fileRef = 485587E229A57DB30048D1BA /* CardBottomToolbar.swift */; };
		485587E529A57DF20048D1BA /* CardDetailView.swift in Sources */ = {isa = PBXBuildFile; fileRef = 485587E429A57DF20048D1BA /* CardDetailView.swift */; };
		485587E729A57DFF0048D1BA /* SingleCardView.swift in Sources */ = {isa = PBXBuildFile; fileRef = 485587E629A57DFF0048D1BA /* SingleCardView.swift */; };
		485587E929A57E2B0048D1BA /* ViewState.swift in Sources */ = {isa = PBXBuildFile; fileRef = 485587E829A57E2B0048D1BA /* ViewState.swift */; };
		485587EB29A57E380048D1BA /* CardModal.swift in Sources */ = {isa = PBXBuildFile; fileRef = 485587EA29A57E380048D1BA /* CardModal.swift */; };
		486F48C029ACF79D00F5D381 /* Operators.swift in Sources */ = {isa = PBXBuildFile; fileRef = 486F48BF29ACF79C00F5D381 /* Operators.swift */; };
		486F48C229ACF7B500F5D381 /* Settings.swift in Sources */ = {isa = PBXBuildFile; fileRef = 486F48C129ACF7B500F5D381 /* Settings.swift */; };
		486F48C529ACF7FB00F5D381 /* ColorExtensions.swift in Sources */ = {isa = PBXBuildFile; fileRef = 486F48C429ACF7FB00F5D381 /* ColorExtensions.swift */; };
		486F48C729ACF81300F5D381 /* TextExtensions.swift in Sources */ = {isa = PBXBuildFile; fileRef = 486F48C629ACF81300F5D381 /* TextExtensions.swift */; };
		486F48C929ACF85100F5D381 /* ViewExtensions.swift in Sources */ = {isa = PBXBuildFile; fileRef = 486F48C829ACF85100F5D381 /* ViewExtensions.swift */; };
		486F48CB29ACF86C00F5D381 /* Card.swift in Sources */ = {isa = PBXBuildFile; fileRef = 486F48CA29ACF86C00F5D381 /* Card.swift */; };
		486F48CD29ACF87800F5D381 /* CardElement.swift in Sources */ = {isa = PBXBuildFile; fileRef = 486F48CC29ACF87800F5D381 /* CardElement.swift */; };
		486F48CF29ACF89100F5D381 /* CardStore.swift in Sources */ = {isa = PBXBuildFile; fileRef = 486F48CE29ACF89100F5D381 /* CardStore.swift */; };
		486F48D129ACF89E00F5D381 /* Transform.swift in Sources */ = {isa = PBXBuildFile; fileRef = 486F48D029ACF89E00F5D381 /* Transform.swift */; };
		486F48D329ACF8E600F5D381 /* StickerPicker.swift in Sources */ = {isa = PBXBuildFile; fileRef = 486F48D229ACF8E600F5D381 /* StickerPicker.swift */; };
		486F48D529ACF8F900F5D381 /* CardElementView.swift in Sources */ = {isa = PBXBuildFile; fileRef = 486F48D429ACF8F900F5D381 /* CardElementView.swift */; };
		486F48D729ACF91500F5D381 /* CardToolbar.swift in Sources */ = {isa = PBXBuildFile; fileRef = 486F48D629ACF91500F5D381 /* CardToolbar.swift */; };
		486F48D929ACF93B00F5D381 /* ResizableView.swift in Sources */ = {isa = PBXBuildFile; fileRef = 486F48D829ACF93B00F5D381 /* ResizableView.swift */; };
		486F48DB29ACFD2200F5D381 /* PreviewData.swift in Sources */ = {isa = PBXBuildFile; fileRef = 486F48DA29ACFD2200F5D381 /* PreviewData.swift */; };
/* End PBXBuildFile section */

/* Begin PBXFileReference section */
		485587C129A5558E0048D1BA /* Cards.app */ = {isa = PBXFileReference; explicitFileType = wrapper.application; includeInIndex = 0; path = Cards.app; sourceTree = BUILT_PRODUCTS_DIR; };
		485587C429A5558F0048D1BA /* CardsApp.swift */ = {isa = PBXFileReference; lastKnownFileType = sourcecode.swift; path = CardsApp.swift; sourceTree = "<group>"; };
		485587C629A5558F0048D1BA /* ContentView.swift */ = {isa = PBXFileReference; lastKnownFileType = sourcecode.swift; path = ContentView.swift; sourceTree = "<group>"; };
		485587C829A555990048D1BA /* Assets.xcassets */ = {isa = PBXFileReference; lastKnownFileType = folder.assetcatalog; path = Assets.xcassets; sourceTree = "<group>"; };
		485587CB29A555990048D1BA /* Preview Assets.xcassets */ = {isa = PBXFileReference; lastKnownFileType = folder.assetcatalog; path = "Preview Assets.xcassets"; sourceTree = "<group>"; };
		485587DC29A57D4B0048D1BA /* CardsListView.swift */ = {isa = PBXFileReference; lastKnownFileType = sourcecode.swift; path = CardsListView.swift; sourceTree = "<group>"; };
		485587DE29A57D6B0048D1BA /* CardThumbnailView.swift */ = {isa = PBXFileReference; lastKnownFileType = sourcecode.swift; path = CardThumbnailView.swift; sourceTree = "<group>"; };
		485587E029A57D910048D1BA /* CardsView.swift */ = {isa = PBXFileReference; lastKnownFileType = sourcecode.swift; path = CardsView.swift; sourceTree = "<group>"; };
		485587E229A57DB30048D1BA /* CardBottomToolbar.swift */ = {isa = PBXFileReference; lastKnownFileType = sourcecode.swift; name = CardBottomToolbar.swift; path = Cards/Views/SingleCard/CardBottomToolbar.swift; sourceTree = SOURCE_ROOT; };
		485587E429A57DF20048D1BA /* CardDetailView.swift */ = {isa = PBXFileReference; lastKnownFileType = sourcecode.swift; path = CardDetailView.swift; sourceTree = "<group>"; };
		485587E629A57DFF0048D1BA /* SingleCardView.swift */ = {isa = PBXFileReference; lastKnownFileType = sourcecode.swift; path = SingleCardView.swift; sourceTree = "<group>"; };
		485587E829A57E2B0048D1BA /* ViewState.swift */ = {isa = PBXFileReference; lastKnownFileType = sourcecode.swift; path = ViewState.swift; sourceTree = "<group>"; };
		485587EA29A57E380048D1BA /* CardModal.swift */ = {isa = PBXFileReference; lastKnownFileType = sourcecode.swift; path = CardModal.swift; sourceTree = "<group>"; };
		486F48BF29ACF79C00F5D381 /* Operators.swift */ = {isa = PBXFileReference; lastKnownFileType = sourcecode.swift; path = Operators.swift; sourceTree = "<group>"; };
		486F48C129ACF7B500F5D381 /* Settings.swift */ = {isa = PBXFileReference; lastKnownFileType = sourcecode.swift; path = Settings.swift; sourceTree = "<group>"; };
		486F48C429ACF7FB00F5D381 /* ColorExtensions.swift */ = {isa = PBXFileReference; lastKnownFileType = sourcecode.swift; path = ColorExtensions.swift; sourceTree = "<group>"; };
		486F48C629ACF81300F5D381 /* TextExtensions.swift */ = {isa = PBXFileReference; lastKnownFileType = sourcecode.swift; path = TextExtensions.swift; sourceTree = "<group>"; };
		486F48C829ACF85100F5D381 /* ViewExtensions.swift */ = {isa = PBXFileReference; lastKnownFileType = sourcecode.swift; path = ViewExtensions.swift; sourceTree = "<group>"; };
		486F48CA29ACF86C00F5D381 /* Card.swift */ = {isa = PBXFileReference; lastKnownFileType = sourcecode.swift; path = Card.swift; sourceTree = "<group>"; };
		486F48CC29ACF87800F5D381 /* CardElement.swift */ = {isa = PBXFileReference; lastKnownFileType = sourcecode.swift; path = CardElement.swift; sourceTree = "<group>"; };
		486F48CE29ACF89100F5D381 /* CardStore.swift */ = {isa = PBXFileReference; lastKnownFileType = sourcecode.swift; path = CardStore.swift; sourceTree = "<group>"; };
		486F48D029ACF89E00F5D381 /* Transform.swift */ = {isa = PBXFileReference; lastKnownFileType = sourcecode.swift; path = Transform.swift; sourceTree = "<group>"; };
		486F48D229ACF8E600F5D381 /* StickerPicker.swift */ = {isa = PBXFileReference; lastKnownFileType = sourcecode.swift; path = StickerPicker.swift; sourceTree = "<group>"; };
		486F48D429ACF8F900F5D381 /* CardElementView.swift */ = {isa = PBXFileReference; lastKnownFileType = sourcecode.swift; path = CardElementView.swift; sourceTree = "<group>"; };
		486F48D629ACF91500F5D381 /* CardToolbar.swift */ = {isa = PBXFileReference; lastKnownFileType = sourcecode.swift; path = CardToolbar.swift; sourceTree = "<group>"; };
		486F48D829ACF93B00F5D381 /* ResizableView.swift */ = {isa = PBXFileReference; lastKnownFileType = sourcecode.swift; path = ResizableView.swift; sourceTree = "<group>"; };
		486F48DA29ACFD2200F5D381 /* PreviewData.swift */ = {isa = PBXFileReference; fileEncoding = 4; lastKnownFileType = sourcecode.swift; path = PreviewData.swift; sourceTree = "<group>"; };
/* End PBXFileReference section */

/* Begin PBXFrameworksBuildPhase section */
		485587BE29A5558E0048D1BA /* Frameworks */ = {
			isa = PBXFrameworksBuildPhase;
			buildActionMask = 2147483647;
			files = (
			);
			runOnlyForDeploymentPostprocessing = 0;
		};
/* End PBXFrameworksBuildPhase section */

/* Begin PBXGroup section */
		485587B829A5558E0048D1BA = {
			isa = PBXGroup;
			children = (
				485587C329A5558E0048D1BA /* Cards */,
				485587C229A5558E0048D1BA /* Products */,
			);
			sourceTree = "<group>";
		};
		485587C229A5558E0048D1BA /* Products */ = {
			isa = PBXGroup;
			children = (
				485587C129A5558E0048D1BA /* Cards.app */,
			);
			name = Products;
			sourceTree = "<group>";
		};
		485587C329A5558E0048D1BA /* Cards */ = {
			isa = PBXGroup;
			children = (
				486F48C329ACF7E300F5D381 /* Extensions */,
				486F48BE29ACF72D00F5D381 /* Config */,
				485587C829A555990048D1BA /* Assets.xcassets */,
				485587CA29A555990048D1BA /* Preview Content */,
				485587D829A57CB00048D1BA /* Model */,
				485587D929A57CC80048D1BA /* Views */,
				485587C429A5558F0048D1BA /* CardsApp.swift */,
			);
			path = Cards;
			sourceTree = "<group>";
		};
		485587CA29A555990048D1BA /* Preview Content */ = {
			isa = PBXGroup;
			children = (
				486F48DA29ACFD2200F5D381 /* PreviewData.swift */,
				485587CB29A555990048D1BA /* Preview Assets.xcassets */,
			);
			path = "Preview Content";
			sourceTree = "<group>";
		};
		485587D829A57CB00048D1BA /* Model */ = {
			isa = PBXGroup;
			children = (
				485587E829A57E2B0048D1BA /* ViewState.swift */,
				485587EA29A57E380048D1BA /* CardModal.swift */,
				486F48CA29ACF86C00F5D381 /* Card.swift */,
				486F48CC29ACF87800F5D381 /* CardElement.swift */,
				486F48CE29ACF89100F5D381 /* CardStore.swift */,
				486F48D029ACF89E00F5D381 /* Transform.swift */,
			);
			path = Model;
			sourceTree = "<group>";
		};
		485587D929A57CC80048D1BA /* Views */ = {
			isa = PBXGroup;
			children = (
				485587DB29A57CE30048D1BA /* SingleCard */,
				485587C629A5558F0048D1BA /* ContentView.swift */,
				485587DC29A57D4B0048D1BA /* CardsListView.swift */,
				485587DE29A57D6B0048D1BA /* CardThumbnailView.swift */,
				485587E029A57D910048D1BA /* CardsView.swift */,
				486F48D829ACF93B00F5D381 /* ResizableView.swift */,
			);
			path = Views;
			sourceTree = "<group>";
		};
		485587DB29A57CE30048D1BA /* SingleCard */ = {
			isa = PBXGroup;
			children = (
				485587E229A57DB30048D1BA /* CardBottomToolbar.swift */,
				485587E429A57DF20048D1BA /* CardDetailView.swift */,
				485587E629A57DFF0048D1BA /* SingleCardView.swift */,
				486F48D229ACF8E600F5D381 /* StickerPicker.swift */,
				486F48D429ACF8F900F5D381 /* CardElementView.swift */,
				486F48D629ACF91500F5D381 /* CardToolbar.swift */,
			);
			path = SingleCard;
			sourceTree = "<group>";
		};
		486F48BE29ACF72D00F5D381 /* Config */ = {
			isa = PBXGroup;
			children = (
				486F48BF29ACF79C00F5D381 /* Operators.swift */,
				486F48C129ACF7B500F5D381 /* Settings.swift */,
			);
			path = Config;
			sourceTree = "<group>";
		};
		486F48C329ACF7E300F5D381 /* Extensions */ = {
			isa = PBXGroup;
			children = (
				486F48C429ACF7FB00F5D381 /* ColorExtensions.swift */,
				486F48C629ACF81300F5D381 /* TextExtensions.swift */,
				486F48C829ACF85100F5D381 /* ViewExtensions.swift */,
			);
			path = Extensions;
			sourceTree = "<group>";
		};
/* End PBXGroup section */

/* Begin PBXNativeTarget section */
		485587C029A5558E0048D1BA /* Cards */ = {
			isa = PBXNativeTarget;
			buildConfigurationList = 485587CF29A555990048D1BA /* Build configuration list for PBXNativeTarget "Cards" */;
			buildPhases = (
				485587BD29A5558E0048D1BA /* Sources */,
				485587BE29A5558E0048D1BA /* Frameworks */,
				485587BF29A5558E0048D1BA /* Resources */,
			);
			buildRules = (
			);
			dependencies = (
			);
			name = Cards;
			productName = Cards;
			productReference = 485587C129A5558E0048D1BA /* Cards.app */;
			productType = "com.apple.product-type.application";
		};
/* End PBXNativeTarget section */

/* Begin PBXProject section */
		485587B929A5558E0048D1BA /* Project object */ = {
			isa = PBXProject;
			attributes = {
				BuildIndependentTargetsInParallel = 1;
				LastSwiftUpdateCheck = 1420;
				LastUpgradeCheck = 1420;
				TargetAttributes = {
					485587C029A5558E0048D1BA = {
						CreatedOnToolsVersion = 14.2;
					};
				};
			};
			buildConfigurationList = 485587BC29A5558E0048D1BA /* Build configuration list for PBXProject "Cards" */;
			compatibilityVersion = "Xcode 14.0";
			developmentRegion = en;
			hasScannedForEncodings = 0;
			knownRegions = (
				en,
				Base,
			);
			mainGroup = 485587B829A5558E0048D1BA;
			productRefGroup = 485587C229A5558E0048D1BA /* Products */;
			projectDirPath = "";
			projectRoot = "";
			targets = (
				485587C029A5558E0048D1BA /* Cards */,
			);
		};
/* End PBXProject section */

/* Begin PBXResourcesBuildPhase section */
		485587BF29A5558E0048D1BA /* Resources */ = {
			isa = PBXResourcesBuildPhase;
			buildActionMask = 2147483647;
			files = (
				485587CC29A555990048D1BA /* Preview Assets.xcassets in Resources */,
				485587C929A555990048D1BA /* Assets.xcassets in Resources */,
			);
			runOnlyForDeploymentPostprocessing = 0;
		};
/* End PBXResourcesBuildPhase section */

/* Begin PBXSourcesBuildPhase section */
		485587BD29A5558E0048D1BA /* Sources */ = {
			isa = PBXSourcesBuildPhase;
			buildActionMask = 2147483647;
			files = (
				485587C729A5558F0048D1BA /* ContentView.swift in Sources */,
				486F48C529ACF7FB00F5D381 /* ColorExtensions.swift in Sources */,
				485587E129A57D910048D1BA /* CardsView.swift in Sources */,
				485587E329A57DB30048D1BA /* CardBottomToolbar.swift in Sources */,
				485587DD29A57D4B0048D1BA /* CardsListView.swift in Sources */,
				485587C529A5558F0048D1BA /* CardsApp.swift in Sources */,
				486F48D529ACF8F900F5D381 /* CardElementView.swift in Sources */,
				485587E929A57E2B0048D1BA /* ViewState.swift in Sources */,
				486F48DB29ACFD2200F5D381 /* PreviewData.swift in Sources */,
				486F48C229ACF7B500F5D381 /* Settings.swift in Sources */,
				486F48C029ACF79D00F5D381 /* Operators.swift in Sources */,
				486F48D329ACF8E600F5D381 /* StickerPicker.swift in Sources */,
				486F48D729ACF91500F5D381 /* CardToolbar.swift in Sources */,
				485587DF29A57D6B0048D1BA /* CardThumbnailView.swift in Sources */,
				486F48D129ACF89E00F5D381 /* Transform.swift in Sources */,
				486F48CD29ACF87800F5D381 /* CardElement.swift in Sources */,
				486F48C729ACF81300F5D381 /* TextExtensions.swift in Sources */,
				485587EB29A57E380048D1BA /* CardModal.swift in Sources */,
				485587E729A57DFF0048D1BA /* SingleCardView.swift in Sources */,
				486F48C929ACF85100F5D381 /* ViewExtensions.swift in Sources */,
				486F48CF29ACF89100F5D381 /* CardStore.swift in Sources */,
				485587E529A57DF20048D1BA /* CardDetailView.swift in Sources */,
				486F48D929ACF93B00F5D381 /* ResizableView.swift in Sources */,
				486F48CB29ACF86C00F5D381 /* Card.swift in Sources */,
			);
			runOnlyForDeploymentPostprocessing = 0;
		};
/* End PBXSourcesBuildPhase section */

/* Begin XCBuildConfiguration section */
		485587CD29A555990048D1BA /* Debug */ = {
			isa = XCBuildConfiguration;
			buildSettings = {
				ALWAYS_SEARCH_USER_PATHS = NO;
				CLANG_ANALYZER_NONNULL = YES;
				CLANG_ANALYZER_NUMBER_OBJECT_CONVERSION = YES_AGGRESSIVE;
				CLANG_CXX_LANGUAGE_STANDARD = "gnu++20";
				CLANG_ENABLE_MODULES = YES;
				CLANG_ENABLE_OBJC_ARC = YES;
				CLANG_ENABLE_OBJC_WEAK = YES;
				CLANG_WARN_BLOCK_CAPTURE_AUTORELEASING = YES;
				CLANG_WARN_BOOL_CONVERSION = YES;
				CLANG_WARN_COMMA = YES;
				CLANG_WARN_CONSTANT_CONVERSION = YES;
				CLANG_WARN_DEPRECATED_OBJC_IMPLEMENTATIONS = YES;
				CLANG_WARN_DIRECT_OBJC_ISA_USAGE = YES_ERROR;
				CLANG_WARN_DOCUMENTATION_COMMENTS = YES;
				CLANG_WARN_EMPTY_BODY = YES;
				CLANG_WARN_ENUM_CONVERSION = YES;
				CLANG_WARN_INFINITE_RECURSION = YES;
				CLANG_WARN_INT_CONVERSION = YES;
				CLANG_WARN_NON_LITERAL_NULL_CONVERSION = YES;
				CLANG_WARN_OBJC_IMPLICIT_RETAIN_SELF = YES;
				CLANG_WARN_OBJC_LITERAL_CONVERSION = YES;
				CLANG_WARN_OBJC_ROOT_CLASS = YES_ERROR;
				CLANG_WARN_QUOTED_INCLUDE_IN_FRAMEWORK_HEADER = YES;
				CLANG_WARN_RANGE_LOOP_ANALYSIS = YES;
				CLANG_WARN_STRICT_PROTOTYPES = YES;
				CLANG_WARN_SUSPICIOUS_MOVE = YES;
				CLANG_WARN_UNGUARDED_AVAILABILITY = YES_AGGRESSIVE;
				CLANG_WARN_UNREACHABLE_CODE = YES;
				CLANG_WARN__DUPLICATE_METHOD_MATCH = YES;
				COPY_PHASE_STRIP = NO;
				DEBUG_INFORMATION_FORMAT = dwarf;
				ENABLE_STRICT_OBJC_MSGSEND = YES;
				ENABLE_TESTABILITY = YES;
				GCC_C_LANGUAGE_STANDARD = gnu11;
				GCC_DYNAMIC_NO_PIC = NO;
				GCC_NO_COMMON_BLOCKS = YES;
				GCC_OPTIMIZATION_LEVEL = 0;
				GCC_PREPROCESSOR_DEFINITIONS = (
					"DEBUG=1",
					"$(inherited)",
				);
				GCC_WARN_64_TO_32_BIT_CONVERSION = YES;
				GCC_WARN_ABOUT_RETURN_TYPE = YES_ERROR;
				GCC_WARN_UNDECLARED_SELECTOR = YES;
				GCC_WARN_UNINITIALIZED_AUTOS = YES_AGGRESSIVE;
				GCC_WARN_UNUSED_FUNCTION = YES;
				GCC_WARN_UNUSED_VARIABLE = YES;
				IPHONEOS_DEPLOYMENT_TARGET = 16.2;
				MTL_ENABLE_DEBUG_INFO = INCLUDE_SOURCE;
				MTL_FAST_MATH = YES;
				ONLY_ACTIVE_ARCH = YES;
				SDKROOT = iphoneos;
				SWIFT_ACTIVE_COMPILATION_CONDITIONS = DEBUG;
				SWIFT_OPTIMIZATION_LEVEL = "-Onone";
			};
			name = Debug;
		};
		485587CE29A555990048D1BA /* Release */ = {
			isa = XCBuildConfiguration;
			buildSettings = {
				ALWAYS_SEARCH_USER_PATHS = NO;
				CLANG_ANALYZER_NONNULL = YES;
				CLANG_ANALYZER_NUMBER_OBJECT_CONVERSION = YES_AGGRESSIVE;
				CLANG_CXX_LANGUAGE_STANDARD = "gnu++20";
				CLANG_ENABLE_MODULES = YES;
				CLANG_ENABLE_OBJC_ARC = YES;
				CLANG_ENABLE_OBJC_WEAK = YES;
				CLANG_WARN_BLOCK_CAPTURE_AUTORELEASING = YES;
				CLANG_WARN_BOOL_CONVERSION = YES;
				CLANG_WARN_COMMA = YES;
				CLANG_WARN_CONSTANT_CONVERSION = YES;
				CLANG_WARN_DEPRECATED_OBJC_IMPLEMENTATIONS = YES;
				CLANG_WARN_DIRECT_OBJC_ISA_USAGE = YES_ERROR;
				CLANG_WARN_DOCUMENTATION_COMMENTS = YES;
				CLANG_WARN_EMPTY_BODY = YES;
				CLANG_WARN_ENUM_CONVERSION = YES;
				CLANG_WARN_INFINITE_RECURSION = YES;
				CLANG_WARN_INT_CONVERSION = YES;
				CLANG_WARN_NON_LITERAL_NULL_CONVERSION = YES;
				CLANG_WARN_OBJC_IMPLICIT_RETAIN_SELF = YES;
				CLANG_WARN_OBJC_LITERAL_CONVERSION = YES;
				CLANG_WARN_OBJC_ROOT_CLASS = YES_ERROR;
				CLANG_WARN_QUOTED_INCLUDE_IN_FRAMEWORK_HEADER = YES;
				CLANG_WARN_RANGE_LOOP_ANALYSIS = YES;
				CLANG_WARN_STRICT_PROTOTYPES = YES;
				CLANG_WARN_SUSPICIOUS_MOVE = YES;
				CLANG_WARN_UNGUARDED_AVAILABILITY = YES_AGGRESSIVE;
				CLANG_WARN_UNREACHABLE_CODE = YES;
				CLANG_WARN__DUPLICATE_METHOD_MATCH = YES;
				COPY_PHASE_STRIP = NO;
				DEBUG_INFORMATION_FORMAT = "dwarf-with-dsym";
				ENABLE_NS_ASSERTIONS = NO;
				ENABLE_STRICT_OBJC_MSGSEND = YES;
				GCC_C_LANGUAGE_STANDARD = gnu11;
				GCC_NO_COMMON_BLOCKS = YES;
				GCC_WARN_64_TO_32_BIT_CONVERSION = YES;
				GCC_WARN_ABOUT_RETURN_TYPE = YES_ERROR;
				GCC_WARN_UNDECLARED_SELECTOR = YES;
				GCC_WARN_UNINITIALIZED_AUTOS = YES_AGGRESSIVE;
				GCC_WARN_UNUSED_FUNCTION = YES;
				GCC_WARN_UNUSED_VARIABLE = YES;
				IPHONEOS_DEPLOYMENT_TARGET = 16.2;
				MTL_ENABLE_DEBUG_INFO = NO;
				MTL_FAST_MATH = YES;
				SDKROOT = iphoneos;
				SWIFT_COMPILATION_MODE = wholemodule;
				SWIFT_OPTIMIZATION_LEVEL = "-O";
				VALIDATE_PRODUCT = YES;
			};
			name = Release;
		};
		485587D029A555990048D1BA /* Debug */ = {
			isa = XCBuildConfiguration;
			buildSettings = {
				ASSETCATALOG_COMPILER_APPICON_NAME = AppIcon;
				ASSETCATALOG_COMPILER_GLOBAL_ACCENT_COLOR_NAME = AccentColor;
				CODE_SIGN_STYLE = Automatic;
				CURRENT_PROJECT_VERSION = 1;
				DEVELOPMENT_ASSET_PATHS = "\"Cards/Preview Content\"";
				ENABLE_PREVIEWS = YES;
				GENERATE_INFOPLIST_FILE = YES;
				INFOPLIST_KEY_UIApplicationSceneManifest_Generation = YES;
				INFOPLIST_KEY_UIApplicationSupportsIndirectInputEvents = YES;
				INFOPLIST_KEY_UILaunchScreen_Generation = YES;
				INFOPLIST_KEY_UISupportedInterfaceOrientations_iPad = "UIInterfaceOrientationPortrait UIInterfaceOrientationPortraitUpsideDown UIInterfaceOrientationLandscapeLeft UIInterfaceOrientationLandscapeRight";
				INFOPLIST_KEY_UISupportedInterfaceOrientations_iPhone = "UIInterfaceOrientationPortrait UIInterfaceOrientationLandscapeLeft UIInterfaceOrientationLandscapeRight";
				LD_RUNPATH_SEARCH_PATHS = (
					"$(inherited)",
					"@executable_path/Frameworks",
				);
				MARKETING_VERSION = 1.0;
				PRODUCT_BUNDLE_IDENTIFIER = kgeetings.Cards;
				PRODUCT_NAME = "$(TARGET_NAME)";
				SWIFT_EMIT_LOC_STRINGS = YES;
				SWIFT_VERSION = 5.0;
				TARGETED_DEVICE_FAMILY = "1,2";
			};
			name = Debug;
		};
		485587D129A555990048D1BA /* Release */ = {
			isa = XCBuildConfiguration;
			buildSettings = {
				ASSETCATALOG_COMPILER_APPICON_NAME = AppIcon;
				ASSETCATALOG_COMPILER_GLOBAL_ACCENT_COLOR_NAME = AccentColor;
				CODE_SIGN_STYLE = Automatic;
				CURRENT_PROJECT_VERSION = 1;
				DEVELOPMENT_ASSET_PATHS = "\"Cards/Preview Content\"";
				ENABLE_PREVIEWS = YES;
				GENERATE_INFOPLIST_FILE = YES;
				INFOPLIST_KEY_UIApplicationSceneManifest_Generation = YES;
				INFOPLIST_KEY_UIApplicationSupportsIndirectInputEvents = YES;
				INFOPLIST_KEY_UILaunchScreen_Generation = YES;
				INFOPLIST_KEY_UISupportedInterfaceOrientations_iPad = "UIInterfaceOrientationPortrait UIInterfaceOrientationPortraitUpsideDown UIInterfaceOrientationLandscapeLeft UIInterfaceOrientationLandscapeRight";
				INFOPLIST_KEY_UISupportedInterfaceOrientations_iPhone = "UIInterfaceOrientationPortrait UIInterfaceOrientationLandscapeLeft UIInterfaceOrientationLandscapeRight";
				LD_RUNPATH_SEARCH_PATHS = (
					"$(inherited)",
					"@executable_path/Frameworks",
				);
				MARKETING_VERSION = 1.0;
				PRODUCT_BUNDLE_IDENTIFIER = kgeetings.Cards;
				PRODUCT_NAME = "$(TARGET_NAME)";
				SWIFT_EMIT_LOC_STRINGS = YES;
				SWIFT_VERSION = 5.0;
				TARGETED_DEVICE_FAMILY = "1,2";
			};
			name = Release;
		};
/* End XCBuildConfiguration section */

/* Begin XCConfigurationList section */
		485587BC29A5558E0048D1BA /* Build configuration list for PBXProject "Cards" */ = {
			isa = XCConfigurationList;
			buildConfigurations = (
				485587CD29A555990048D1BA /* Debug */,
				485587CE29A555990048D1BA /* Release */,
			);
			defaultConfigurationIsVisible = 0;
			defaultConfigurationName = Release;
		};
		485587CF29A555990048D1BA /* Build configuration list for PBXNativeTarget "Cards" */ = {
			isa = XCConfigurationList;
			buildConfigurations = (
				485587D029A555990048D1BA /* Debug */,
				485587D129A555990048D1BA /* Release */,
			);
			defaultConfigurationIsVisible = 0;
			defaultConfigurationName = Release;
		};
/* End XCConfigurationList section */
	};
	rootObject = 485587B929A5558E0048D1BA /* Project object */;
}
