// !$*UTF8*$!
{
	archiveVersion = 1;
	classes = {
	};
	objectVersion = 56;
	objects = {

/* Begin PBXBuildFile section */
		48649FB929B5A1E000F6C29A /* MedalistInventoryApp.swift in Sources */ = {isa = PBXBuildFile; fileRef = 48649FB829B5A1E000F6C29A /* MedalistInventoryApp.swift */; };
		48649FBB29B5A1E000F6C29A /* ContentView.swift in Sources */ = {isa = PBXBuildFile; fileRef = 48649FBA29B5A1E000F6C29A /* ContentView.swift */; };
		48649FBD29B5A1E500F6C29A /* Assets.xcassets in Resources */ = {isa = PBXBuildFile; fileRef = 48649FBC29B5A1E500F6C29A /* Assets.xcassets */; };
		48649FC029B5A1E500F6C29A /* Preview Assets.xcassets in Resources */ = {isa = PBXBuildFile; fileRef = 48649FBF29B5A1E500F6C29A /* Preview Assets.xcassets */; };
		48649FC729B5A20F00F6C29A /* SheetMetalView.swift in Sources */ = {isa = PBXBuildFile; fileRef = 48649FC629B5A20E00F6C29A /* SheetMetalView.swift */; };
		4868837829D366A0003C2FFD /* ExtraPartsView.swift in Sources */ = {isa = PBXBuildFile; fileRef = 4868837729D366A0003C2FFD /* ExtraPartsView.swift */; };
		48E5844F29E6FDEE00D9143A /* table-data.json in Resources */ = {isa = PBXBuildFile; fileRef = 48E5844E29E6FDED00D9143A /* table-data.json */; };
		48ED613529E7AA0700C14F35 /* Filter.swift in Sources */ = {isa = PBXBuildFile; fileRef = 48ED613429E7AA0700C14F35 /* Filter.swift */; };
/* End PBXBuildFile section */

/* Begin PBXFileReference section */
		48649FB529B5A1E000F6C29A /* Medalist.app */ = {isa = PBXFileReference; explicitFileType = wrapper.application; includeInIndex = 0; path = Medalist.app; sourceTree = BUILT_PRODUCTS_DIR; };
		48649FB829B5A1E000F6C29A /* MedalistInventoryApp.swift */ = {isa = PBXFileReference; lastKnownFileType = sourcecode.swift; path = MedalistInventoryApp.swift; sourceTree = "<group>"; };
		48649FBA29B5A1E000F6C29A /* ContentView.swift */ = {isa = PBXFileReference; lastKnownFileType = sourcecode.swift; path = ContentView.swift; sourceTree = "<group>"; };
		48649FBC29B5A1E500F6C29A /* Assets.xcassets */ = {isa = PBXFileReference; lastKnownFileType = folder.assetcatalog; path = Assets.xcassets; sourceTree = "<group>"; };
		48649FBF29B5A1E500F6C29A /* Preview Assets.xcassets */ = {isa = PBXFileReference; lastKnownFileType = folder.assetcatalog; path = "Preview Assets.xcassets"; sourceTree = "<group>"; };
		48649FC629B5A20E00F6C29A /* SheetMetalView.swift */ = {isa = PBXFileReference; lastKnownFileType = sourcecode.swift; path = SheetMetalView.swift; sourceTree = "<group>"; };
		4868837729D366A0003C2FFD /* ExtraPartsView.swift */ = {isa = PBXFileReference; lastKnownFileType = sourcecode.swift; path = ExtraPartsView.swift; sourceTree = "<group>"; };
		48E5844E29E6FDED00D9143A /* table-data.json */ = {isa = PBXFileReference; fileEncoding = 4; lastKnownFileType = text.json; path = "table-data.json"; sourceTree = "<group>"; };
		48ED613429E7AA0700C14F35 /* Filter.swift */ = {isa = PBXFileReference; fileEncoding = 4; lastKnownFileType = sourcecode.swift; path = Filter.swift; sourceTree = "<group>"; };
/* End PBXFileReference section */

/* Begin PBXFrameworksBuildPhase section */
		48649FB229B5A1E000F6C29A /* Frameworks */ = {
			isa = PBXFrameworksBuildPhase;
			buildActionMask = 2147483647;
			files = (
			);
			runOnlyForDeploymentPostprocessing = 0;
		};
/* End PBXFrameworksBuildPhase section */

/* Begin PBXGroup section */
		48649FAC29B5A1E000F6C29A = {
			isa = PBXGroup;
			children = (
				48649FB729B5A1E000F6C29A /* MedalistInventory */,
				48649FB629B5A1E000F6C29A /* Products */,
			);
			sourceTree = "<group>";
		};
		48649FB629B5A1E000F6C29A /* Products */ = {
			isa = PBXGroup;
			children = (
				48649FB529B5A1E000F6C29A /* Medalist.app */,
			);
			name = Products;
			sourceTree = "<group>";
		};
		48649FB729B5A1E000F6C29A /* MedalistInventory */ = {
			isa = PBXGroup;
			children = (
				48E5844D29E6FDED00D9143A /* Resources */,
				48649FBC29B5A1E500F6C29A /* Assets.xcassets */,
				48649FBE29B5A1E500F6C29A /* Preview Content */,
				48649FB829B5A1E000F6C29A /* MedalistInventoryApp.swift */,
				48ED613429E7AA0700C14F35 /* Filter.swift */,
				48649FBA29B5A1E000F6C29A /* ContentView.swift */,
				48649FC629B5A20E00F6C29A /* SheetMetalView.swift */,
				4868837729D366A0003C2FFD /* ExtraPartsView.swift */,
			);
			path = MedalistInventory;
			sourceTree = "<group>";
		};
		48649FBE29B5A1E500F6C29A /* Preview Content */ = {
			isa = PBXGroup;
			children = (
				48649FBF29B5A1E500F6C29A /* Preview Assets.xcassets */,
			);
			path = "Preview Content";
			sourceTree = "<group>";
		};
		48E5844D29E6FDED00D9143A /* Resources */ = {
			isa = PBXGroup;
			children = (
				48E5844E29E6FDED00D9143A /* table-data.json */,
			);
			path = Resources;
			sourceTree = "<group>";
		};
/* End PBXGroup section */

/* Begin PBXNativeTarget section */
		48649FB429B5A1E000F6C29A /* Medalist */ = {
			isa = PBXNativeTarget;
			buildConfigurationList = 48649FC329B5A1E500F6C29A /* Build configuration list for PBXNativeTarget "Medalist" */;
			buildPhases = (
				48649FB129B5A1E000F6C29A /* Sources */,
				48649FB229B5A1E000F6C29A /* Frameworks */,
				48649FB329B5A1E000F6C29A /* Resources */,
			);
			buildRules = (
			);
			dependencies = (
			);
			name = Medalist;
			productName = MedalistInventory;
			productReference = 48649FB529B5A1E000F6C29A /* Medalist.app */;
			productType = "com.apple.product-type.application";
		};
/* End PBXNativeTarget section */

/* Begin PBXProject section */
		48649FAD29B5A1E000F6C29A /* Project object */ = {
			isa = PBXProject;
			attributes = {
				BuildIndependentTargetsInParallel = 1;
				LastSwiftUpdateCheck = 1420;
				LastUpgradeCheck = 1420;
				TargetAttributes = {
					48649FB429B5A1E000F6C29A = {
						CreatedOnToolsVersion = 14.2;
					};
				};
			};
			buildConfigurationList = 48649FB029B5A1E000F6C29A /* Build configuration list for PBXProject "MedalistInventory" */;
			compatibilityVersion = "Xcode 14.0";
			developmentRegion = en;
			hasScannedForEncodings = 0;
			knownRegions = (
				en,
				Base,
			);
			mainGroup = 48649FAC29B5A1E000F6C29A;
			productRefGroup = 48649FB629B5A1E000F6C29A /* Products */;
			projectDirPath = "";
			projectRoot = "";
			targets = (
				48649FB429B5A1E000F6C29A /* Medalist */,
			);
		};
/* End PBXProject section */

/* Begin PBXResourcesBuildPhase section */
		48649FB329B5A1E000F6C29A /* Resources */ = {
			isa = PBXResourcesBuildPhase;
			buildActionMask = 2147483647;
			files = (
				48649FC029B5A1E500F6C29A /* Preview Assets.xcassets in Resources */,
				48649FBD29B5A1E500F6C29A /* Assets.xcassets in Resources */,
				48E5844F29E6FDEE00D9143A /* table-data.json in Resources */,
			);
			runOnlyForDeploymentPostprocessing = 0;
		};
/* End PBXResourcesBuildPhase section */

/* Begin PBXSourcesBuildPhase section */
		48649FB129B5A1E000F6C29A /* Sources */ = {
			isa = PBXSourcesBuildPhase;
			buildActionMask = 2147483647;
			files = (
				48649FBB29B5A1E000F6C29A /* ContentView.swift in Sources */,
				48ED613529E7AA0700C14F35 /* Filter.swift in Sources */,
				4868837829D366A0003C2FFD /* ExtraPartsView.swift in Sources */,
				48649FC729B5A20F00F6C29A /* SheetMetalView.swift in Sources */,
				48649FB929B5A1E000F6C29A /* MedalistInventoryApp.swift in Sources */,
			);
			runOnlyForDeploymentPostprocessing = 0;
		};
/* End PBXSourcesBuildPhase section */

/* Begin XCBuildConfiguration section */
		48649FC129B5A1E500F6C29A /* Debug */ = {
			isa = XCBuildConfiguration;
			buildSettings = {
				ALWAYS_SEARCH_USER_PATHS = NO;
				CLANG_ANALYZER_NONNULL = YES;
				CLANG_ANALYZER_NUMBER_OBJECT_CONVERSION = YES_AGGRESSIVE;
				CLANG_CXX_LANGUAGE_STANDARD = "gnu++20";
				CLANG_ENABLE_MODULES = YES;
				CLANG_ENABLE_OBJC_ARC = YES;
				CLANG_ENABLE_OBJC_WEAK = YES;
				CLANG_WARN_BLOCK_CAPTURE_AUTORELEASING = YES;
				CLANG_WARN_BOOL_CONVERSION = YES;
				CLANG_WARN_COMMA = YES;
				CLANG_WARN_CONSTANT_CONVERSION = YES;
				CLANG_WARN_DEPRECATED_OBJC_IMPLEMENTATIONS = YES;
				CLANG_WARN_DIRECT_OBJC_ISA_USAGE = YES_ERROR;
				CLANG_WARN_DOCUMENTATION_COMMENTS = YES;
				CLANG_WARN_EMPTY_BODY = YES;
				CLANG_WARN_ENUM_CONVERSION = YES;
				CLANG_WARN_INFINITE_RECURSION = YES;
				CLANG_WARN_INT_CONVERSION = YES;
				CLANG_WARN_NON_LITERAL_NULL_CONVERSION = YES;
				CLANG_WARN_OBJC_IMPLICIT_RETAIN_SELF = YES;
				CLANG_WARN_OBJC_LITERAL_CONVERSION = YES;
				CLANG_WARN_OBJC_ROOT_CLASS = YES_ERROR;
				CLANG_WARN_QUOTED_INCLUDE_IN_FRAMEWORK_HEADER = YES;
				CLANG_WARN_RANGE_LOOP_ANALYSIS = YES;
				CLANG_WARN_STRICT_PROTOTYPES = YES;
				CLANG_WARN_SUSPICIOUS_MOVE = YES;
				CLANG_WARN_UNGUARDED_AVAILABILITY = YES_AGGRESSIVE;
				CLANG_WARN_UNREACHABLE_CODE = YES;
				CLANG_WARN__DUPLICATE_METHOD_MATCH = YES;
				COPY_PHASE_STRIP = NO;
				DEBUG_INFORMATION_FORMAT = dwarf;
				ENABLE_STRICT_OBJC_MSGSEND = YES;
				ENABLE_TESTABILITY = YES;
				GCC_C_LANGUAGE_STANDARD = gnu11;
				GCC_DYNAMIC_NO_PIC = NO;
				GCC_NO_COMMON_BLOCKS = YES;
				GCC_OPTIMIZATION_LEVEL = 0;
				GCC_PREPROCESSOR_DEFINITIONS = (
					"DEBUG=1",
					"$(inherited)",
				);
				GCC_WARN_64_TO_32_BIT_CONVERSION = YES;
				GCC_WARN_ABOUT_RETURN_TYPE = YES_ERROR;
				GCC_WARN_UNDECLARED_SELECTOR = YES;
				GCC_WARN_UNINITIALIZED_AUTOS = YES_AGGRESSIVE;
				GCC_WARN_UNUSED_FUNCTION = YES;
				GCC_WARN_UNUSED_VARIABLE = YES;
				IPHONEOS_DEPLOYMENT_TARGET = 16.2;
				MTL_ENABLE_DEBUG_INFO = INCLUDE_SOURCE;
				MTL_FAST_MATH = YES;
				ONLY_ACTIVE_ARCH = YES;
				SDKROOT = iphoneos;
				SWIFT_ACTIVE_COMPILATION_CONDITIONS = DEBUG;
				SWIFT_OPTIMIZATION_LEVEL = "-Onone";
			};
			name = Debug;
		};
		48649FC229B5A1E500F6C29A /* Release */ = {
			isa = XCBuildConfiguration;
			buildSettings = {
				ALWAYS_SEARCH_USER_PATHS = NO;
				CLANG_ANALYZER_NONNULL = YES;
				CLANG_ANALYZER_NUMBER_OBJECT_CONVERSION = YES_AGGRESSIVE;
				CLANG_CXX_LANGUAGE_STANDARD = "gnu++20";
				CLANG_ENABLE_MODULES = YES;
				CLANG_ENABLE_OBJC_ARC = YES;
				CLANG_ENABLE_OBJC_WEAK = YES;
				CLANG_WARN_BLOCK_CAPTURE_AUTORELEASING = YES;
				CLANG_WARN_BOOL_CONVERSION = YES;
				CLANG_WARN_COMMA = YES;
				CLANG_WARN_CONSTANT_CONVERSION = YES;
				CLANG_WARN_DEPRECATED_OBJC_IMPLEMENTATIONS = YES;
				CLANG_WARN_DIRECT_OBJC_ISA_USAGE = YES_ERROR;
				CLANG_WARN_DOCUMENTATION_COMMENTS = YES;
				CLANG_WARN_EMPTY_BODY = YES;
				CLANG_WARN_ENUM_CONVERSION = YES;
				CLANG_WARN_INFINITE_RECURSION = YES;
				CLANG_WARN_INT_CONVERSION = YES;
				CLANG_WARN_NON_LITERAL_NULL_CONVERSION = YES;
				CLANG_WARN_OBJC_IMPLICIT_RETAIN_SELF = YES;
				CLANG_WARN_OBJC_LITERAL_CONVERSION = YES;
				CLANG_WARN_OBJC_ROOT_CLASS = YES_ERROR;
				CLANG_WARN_QUOTED_INCLUDE_IN_FRAMEWORK_HEADER = YES;
				CLANG_WARN_RANGE_LOOP_ANALYSIS = YES;
				CLANG_WARN_STRICT_PROTOTYPES = YES;
				CLANG_WARN_SUSPICIOUS_MOVE = YES;
				CLANG_WARN_UNGUARDED_AVAILABILITY = YES_AGGRESSIVE;
				CLANG_WARN_UNREACHABLE_CODE = YES;
				CLANG_WARN__DUPLICATE_METHOD_MATCH = YES;
				COPY_PHASE_STRIP = NO;
				DEBUG_INFORMATION_FORMAT = "dwarf-with-dsym";
				ENABLE_NS_ASSERTIONS = NO;
				ENABLE_STRICT_OBJC_MSGSEND = YES;
				GCC_C_LANGUAGE_STANDARD = gnu11;
				GCC_NO_COMMON_BLOCKS = YES;
				GCC_WARN_64_TO_32_BIT_CONVERSION = YES;
				GCC_WARN_ABOUT_RETURN_TYPE = YES_ERROR;
				GCC_WARN_UNDECLARED_SELECTOR = YES;
				GCC_WARN_UNINITIALIZED_AUTOS = YES_AGGRESSIVE;
				GCC_WARN_UNUSED_FUNCTION = YES;
				GCC_WARN_UNUSED_VARIABLE = YES;
				IPHONEOS_DEPLOYMENT_TARGET = 16.2;
				MTL_ENABLE_DEBUG_INFO = NO;
				MTL_FAST_MATH = YES;
				SDKROOT = iphoneos;
				SWIFT_COMPILATION_MODE = wholemodule;
				SWIFT_OPTIMIZATION_LEVEL = "-O";
				VALIDATE_PRODUCT = YES;
			};
			name = Release;
		};
		48649FC429B5A1E500F6C29A /* Debug */ = {
			isa = XCBuildConfiguration;
			buildSettings = {
				ASSETCATALOG_COMPILER_APPICON_NAME = AppIcon;
				ASSETCATALOG_COMPILER_GLOBAL_ACCENT_COLOR_NAME = AccentColor;
				CODE_SIGN_STYLE = Automatic;
				CURRENT_PROJECT_VERSION = 1;
				DEVELOPMENT_ASSET_PATHS = "\"MedalistInventory/Preview Content\"";
				ENABLE_PREVIEWS = YES;
				GENERATE_INFOPLIST_FILE = YES;
				"INFOPLIST_FILE[sdk=*]" = "";
				INFOPLIST_KEY_LSApplicationCategoryType = "public.app-category.business";
				INFOPLIST_KEY_UIApplicationSceneManifest_Generation = YES;
				INFOPLIST_KEY_UIApplicationSupportsIndirectInputEvents = YES;
				INFOPLIST_KEY_UILaunchScreen_Generation = YES;
				INFOPLIST_KEY_UISupportedInterfaceOrientations = "UIInterfaceOrientationLandscapeLeft UIInterfaceOrientationLandscapeRight UIInterfaceOrientationPortrait UIInterfaceOrientationPortraitUpsideDown";
				LD_RUNPATH_SEARCH_PATHS = (
					"$(inherited)",
					"@executable_path/Frameworks",
				);
				MARKETING_VERSION = 1.0;
				PRODUCT_BUNDLE_IDENTIFIER = kgeetings.MedalistInventory;
				PRODUCT_NAME = "$(TARGET_NAME)";
				SWIFT_EMIT_LOC_STRINGS = YES;
				SWIFT_VERSION = 5.0;
				TARGETED_DEVICE_FAMILY = "1,2";
			};
			name = Debug;
		};
		48649FC529B5A1E500F6C29A /* Release */ = {
			isa = XCBuildConfiguration;
			buildSettings = {
				ASSETCATALOG_COMPILER_APPICON_NAME = AppIcon;
				ASSETCATALOG_COMPILER_GLOBAL_ACCENT_COLOR_NAME = AccentColor;
				CODE_SIGN_STYLE = Automatic;
				CURRENT_PROJECT_VERSION = 1;
				DEVELOPMENT_ASSET_PATHS = "\"MedalistInventory/Preview Content\"";
				ENABLE_PREVIEWS = YES;
				GENERATE_INFOPLIST_FILE = YES;
				"INFOPLIST_FILE[sdk=*]" = "";
				INFOPLIST_KEY_LSApplicationCategoryType = "public.app-category.business";
				INFOPLIST_KEY_UIApplicationSceneManifest_Generation = YES;
				INFOPLIST_KEY_UIApplicationSupportsIndirectInputEvents = YES;
				INFOPLIST_KEY_UILaunchScreen_Generation = YES;
				INFOPLIST_KEY_UISupportedInterfaceOrientations = "UIInterfaceOrientationLandscapeLeft UIInterfaceOrientationLandscapeRight UIInterfaceOrientationPortrait UIInterfaceOrientationPortraitUpsideDown";
				LD_RUNPATH_SEARCH_PATHS = (
					"$(inherited)",
					"@executable_path/Frameworks",
				);
				MARKETING_VERSION = 1.0;
				PRODUCT_BUNDLE_IDENTIFIER = kgeetings.MedalistInventory;
				PRODUCT_NAME = "$(TARGET_NAME)";
				SWIFT_EMIT_LOC_STRINGS = YES;
				SWIFT_VERSION = 5.0;
				TARGETED_DEVICE_FAMILY = "1,2";
			};
			name = Release;
		};
/* End XCBuildConfiguration section */

/* Begin XCConfigurationList section */
		48649FB029B5A1E000F6C29A /* Build configuration list for PBXProject "MedalistInventory" */ = {
			isa = XCConfigurationList;
			buildConfigurations = (
				48649FC129B5A1E500F6C29A /* Debug */,
				48649FC229B5A1E500F6C29A /* Release */,
			);
			defaultConfigurationIsVisible = 0;
			defaultConfigurationName = Release;
		};
		48649FC329B5A1E500F6C29A /* Build configuration list for PBXNativeTarget "Medalist" */ = {
			isa = XCConfigurationList;
			buildConfigurations = (
				48649FC429B5A1E500F6C29A /* Debug */,
				48649FC529B5A1E500F6C29A /* Release */,
			);
			defaultConfigurationIsVisible = 0;
			defaultConfigurationName = Release;
		};
/* End XCConfigurationList section */
	};
	rootObject = 48649FAD29B5A1E000F6C29A /* Project object */;
}
